
Microsoft Visual Studio Solution File, Format Version 12.00
# Visual Studio 2013
VisualStudioVersion = 12.0.30723.0
MinimumVisualStudioVersion = 10.0.40219.1
Project("{FAE04EC0-301F-11D3-BF4B-00C04F79EFBC}") = "Tests", "..\Tests\Tests.csproj", "{77368A60-E85B-4160-B4AE-6BDAEC77010F}"
EndProject
Project("{FAE04EC0-301F-11D3-BF4B-00C04F79EFBC}") = "XmlDynamicWrapper", "XmlDynamicWrapper.csproj", "{4D17C02D-E61A-4F08-828E-127256D63118}"
EndProject
Global
	GlobalSection(SolutionConfigurationPlatforms) = preSolution
		Debug|Any CPU = Debug|Any CPU
		Release|Any CPU = Release|Any CPU
	EndGlobalSection
	GlobalSection(ProjectConfigurationPlatforms) = postSolution
		{77368A60-E85B-4160-B4AE-6BDAEC77010F}.Debug|Any CPU.ActiveCfg = Debug|Any CPU
		{77368A60-E85B-4160-B4AE-6BDAEC77010F}.Debug|Any CPU.Build.0 = Debug|Any CPU
		{77368A60-E85B-4160-B4AE-6BDAEC77010F}.Release|Any CPU.ActiveCfg = Release|Any CPU
		{77368A60-E85B-4160-B4AE-6BDAEC77010F}.Release|Any CPU.Build.0 = Release|Any CPU
		{4D17C02D-E61A-4F08-828E-127256D63118}.Debug|Any CPU.ActiveCfg = Debug|Any CPU
		{4D17C02D-E61A-4F08-828E-127256D63118}.Debug|Any CPU.Build.0 = Debug|Any CPU
		{4D17C02D-E61A-4F08-828E-127256D63118}.Release|Any CPU.ActiveCfg = Release|Any CPU
		{4D17C02D-E61A-4F08-828E-127256D63118}.Release|Any CPU.Build.0 = Release|Any CPU
	EndGlobalSection
	GlobalSection(SolutionProperties) = preSolution
		HideSolutionNode = FALSE
	EndGlobalSection
EndGlobal
